// !$*UTF8*$!
{
	archiveVersion = 1;
	classes = {
	};
	objectVersion = 46;
	objects = {

/* Begin PBXBuildFile section */
		574DBB251C8D1C000031E4CD /* Main.storyboard in Resources */ = {isa = PBXBuildFile; fileRef = 574DBB231C8D1C000031E4CD /* Main.storyboard */; };
		574DBB271C8D1C000031E4CD /* Assets.xcassets in Resources */ = {isa = PBXBuildFile; fileRef = 574DBB261C8D1C000031E4CD /* Assets.xcassets */; };
		574DBB2A1C8D1C000031E4CD /* LaunchScreen.storyboard in Resources */ = {isa = PBXBuildFile; fileRef = 574DBB281C8D1C000031E4CD /* LaunchScreen.storyboard */; };
		574DBB3B1C8D24770031E4CD /* CaptureViewController.swift in Sources */ = {isa = PBXBuildFile; fileRef = 574DBB331C8D24770031E4CD /* CaptureViewController.swift */; };
		574DBB3D1C8D24770031E4CD /* LoginViewController.swift in Sources */ = {isa = PBXBuildFile; fileRef = 574DBB351C8D24770031E4CD /* LoginViewController.swift */; };
		574DBB3E1C8D24770031E4CD /* Media.swift in Sources */ = {isa = PBXBuildFile; fileRef = 574DBB361C8D24770031E4CD /* Media.swift */; };
		574DBB3F1C8D24770031E4CD /* MediaCell.swift in Sources */ = {isa = PBXBuildFile; fileRef = 574DBB371C8D24770031E4CD /* MediaCell.swift */; };
		574DBB401C8D24770031E4CD /* PhotosViewController.swift in Sources */ = {isa = PBXBuildFile; fileRef = 574DBB381C8D24770031E4CD /* PhotosViewController.swift */; };
		574DBB411C8D24770031E4CD /* ProfileViewController.swift in Sources */ = {isa = PBXBuildFile; fileRef = 574DBB391C8D24770031E4CD /* ProfileViewController.swift */; };
		574DBB421C8D24770031E4CD /* UserMedia.swift in Sources */ = {isa = PBXBuildFile; fileRef = 574DBB3A1C8D24770031E4CD /* UserMedia.swift */; };
		574DBB441C8D249B0031E4CD /* Info.plist in Resources */ = {isa = PBXBuildFile; fileRef = 574DBB431C8D249B0031E4CD /* Info.plist */; };
		574DBB461C8D24A40031E4CD /* AppDelegate.swift in Sources */ = {isa = PBXBuildFile; fileRef = 574DBB451C8D24A40031E4CD /* AppDelegate.swift */; };
		574DBB481C8D24BA0031E4CD /* Base.lproj in Resources */ = {isa = PBXBuildFile; fileRef = 574DBB471C8D24BA0031E4CD /* Base.lproj */; };
		574DBB501C8D65AD0031E4CD /* profile.png in Resources */ = {isa = PBXBuildFile; fileRef = 574DBB4F1C8D65AD0031E4CD /* profile.png */; };
		574DBB531C8D65EC0031E4CD /* camera.png in Resources */ = {isa = PBXBuildFile; fileRef = 574DBB511C8D65EC0031E4CD /* camera.png */; };
		574DBB541C8D65EC0031E4CD /* photos.png in Resources */ = {isa = PBXBuildFile; fileRef = 574DBB521C8D65EC0031E4CD /* photos.png */; };
		78CA25930B5A7EB8F8FA76B9 /* Pods_MyInstagram.framework in Frameworks */ = {isa = PBXBuildFile; fileRef = 04A1CB82B15C0C0B87296FA1 /* Pods_MyInstagram.framework */; };
/* End PBXBuildFile section */

/* Begin PBXFileReference section */
		04A1CB82B15C0C0B87296FA1 /* Pods_MyInstagram.framework */ = {isa = PBXFileReference; explicitFileType = wrapper.framework; includeInIndex = 0; path = Pods_MyInstagram.framework; sourceTree = BUILT_PRODUCTS_DIR; };
		574DBB1C1C8D1C000031E4CD /* MyInstagram.app */ = {isa = PBXFileReference; explicitFileType = wrapper.application; includeInIndex = 0; path = MyInstagram.app; sourceTree = BUILT_PRODUCTS_DIR; };
		574DBB241C8D1C000031E4CD /* Base */ = {isa = PBXFileReference; lastKnownFileType = file.storyboard; name = Base; path = Base.lproj/Main.storyboard; sourceTree = "<group>"; };
		574DBB261C8D1C000031E4CD /* Assets.xcassets */ = {isa = PBXFileReference; lastKnownFileType = folder.assetcatalog; path = Assets.xcassets; sourceTree = "<group>"; };
		574DBB291C8D1C000031E4CD /* Base */ = {isa = PBXFileReference; lastKnownFileType = file.storyboard; name = Base; path = Base.lproj/LaunchScreen.storyboard; sourceTree = "<group>"; };
		574DBB331C8D24770031E4CD /* CaptureViewController.swift */ = {isa = PBXFileReference; fileEncoding = 4; lastKnownFileType = sourcecode.swift; path = CaptureViewController.swift; sourceTree = "<group>"; };
		574DBB351C8D24770031E4CD /* LoginViewController.swift */ = {isa = PBXFileReference; fileEncoding = 4; lastKnownFileType = sourcecode.swift; path = LoginViewController.swift; sourceTree = "<group>"; };
		574DBB361C8D24770031E4CD /* Media.swift */ = {isa = PBXFileReference; fileEncoding = 4; lastKnownFileType = sourcecode.swift; path = Media.swift; sourceTree = "<group>"; };
		574DBB371C8D24770031E4CD /* MediaCell.swift */ = {isa = PBXFileReference; fileEncoding = 4; lastKnownFileType = sourcecode.swift; path = MediaCell.swift; sourceTree = "<group>"; };
		574DBB381C8D24770031E4CD /* PhotosViewController.swift */ = {isa = PBXFileReference; fileEncoding = 4; lastKnownFileType = sourcecode.swift; path = PhotosViewController.swift; sourceTree = "<group>"; };
		574DBB391C8D24770031E4CD /* ProfileViewController.swift */ = {isa = PBXFileReference; fileEncoding = 4; lastKnownFileType = sourcecode.swift; path = ProfileViewController.swift; sourceTree = "<group>"; };
		574DBB3A1C8D24770031E4CD /* UserMedia.swift */ = {isa = PBXFileReference; fileEncoding = 4; lastKnownFileType = sourcecode.swift; path = UserMedia.swift; sourceTree = "<group>"; };
		574DBB431C8D249B0031E4CD /* Info.plist */ = {isa = PBXFileReference; fileEncoding = 4; lastKnownFileType = text.plist.xml; path = Info.plist; sourceTree = "<group>"; };
		574DBB451C8D24A40031E4CD /* AppDelegate.swift */ = {isa = PBXFileReference; fileEncoding = 4; lastKnownFileType = sourcecode.swift; path = AppDelegate.swift; sourceTree = "<group>"; };
		574DBB471C8D24BA0031E4CD /* Base.lproj */ = {isa = PBXFileReference; lastKnownFileType = folder; path = Base.lproj; sourceTree = "<group>"; };
		574DBB4F1C8D65AD0031E4CD /* profile.png */ = {isa = PBXFileReference; lastKnownFileType = image.png; name = profile.png; path = Assets.xcassets/profile.png; sourceTree = "<group>"; };
		574DBB511C8D65EC0031E4CD /* camera.png */ = {isa = PBXFileReference; lastKnownFileType = image.png; name = camera.png; path = Assets.xcassets/camera.png; sourceTree = "<group>"; };
		574DBB521C8D65EC0031E4CD /* photos.png */ = {isa = PBXFileReference; lastKnownFileType = image.png; name = photos.png; path = Assets.xcassets/photos.png; sourceTree = "<group>"; };
		C85C27ED551145E3457E63FB /* Pods-MyInstagram.debug.xcconfig */ = {isa = PBXFileReference; includeInIndex = 1; lastKnownFileType = text.xcconfig; name = "Pods-MyInstagram.debug.xcconfig"; path = "Pods/Target Support Files/Pods-MyInstagram/Pods-MyInstagram.debug.xcconfig"; sourceTree = "<group>"; };
		FEE02B41284C40B9CBE0CF5D /* Pods-MyInstagram.release.xcconfig */ = {isa = PBXFileReference; includeInIndex = 1; lastKnownFileType = text.xcconfig; name = "Pods-MyInstagram.release.xcconfig"; path = "Pods/Target Support Files/Pods-MyInstagram/Pods-MyInstagram.release.xcconfig"; sourceTree = "<group>"; };
/* End PBXFileReference section */

/* Begin PBXFrameworksBuildPhase section */
		574DBB191C8D1C000031E4CD /* Frameworks */ = {
			isa = PBXFrameworksBuildPhase;
			buildActionMask = 2147483647;
			files = (
				78CA25930B5A7EB8F8FA76B9 /* Pods_MyInstagram.framework in Frameworks */,
			);
			runOnlyForDeploymentPostprocessing = 0;
		};
/* End PBXFrameworksBuildPhase section */

/* Begin PBXGroup section */
		574DBB131C8D1C000031E4CD = {
			isa = PBXGroup;
			children = (
				574DBB1E1C8D1C000031E4CD /* MyInstagram */,
				574DBB1D1C8D1C000031E4CD /* Products */,
				D382940F6A2386D4C0448D57 /* Pods */,
				652791BF294696A5101980A8 /* Frameworks */,
			);
			sourceTree = "<group>";
		};
		574DBB1D1C8D1C000031E4CD /* Products */ = {
			isa = PBXGroup;
			children = (
				574DBB1C1C8D1C000031E4CD /* MyInstagram.app */,
			);
			name = Products;
			sourceTree = "<group>";
		};
		574DBB1E1C8D1C000031E4CD /* MyInstagram */ = {
			isa = PBXGroup;
			children = (
				574DBB471C8D24BA0031E4CD /* Base.lproj */,
				574DBB451C8D24A40031E4CD /* AppDelegate.swift */,
				574DBB431C8D249B0031E4CD /* Info.plist */,
				574DBB351C8D24770031E4CD /* LoginViewController.swift */,
				574DBB361C8D24770031E4CD /* Media.swift */,
				574DBB371C8D24770031E4CD /* MediaCell.swift */,
				574DBB381C8D24770031E4CD /* PhotosViewController.swift */,
				574DBB331C8D24770031E4CD /* CaptureViewController.swift */,
				574DBB391C8D24770031E4CD /* ProfileViewController.swift */,
				574DBB3A1C8D24770031E4CD /* UserMedia.swift */,
				574DBB231C8D1C000031E4CD /* Main.storyboard */,
				574DBB261C8D1C000031E4CD /* Assets.xcassets */,
				574DBB511C8D65EC0031E4CD /* camera.png */,
				574DBB521C8D65EC0031E4CD /* photos.png */,
				574DBB4F1C8D65AD0031E4CD /* profile.png */,
				574DBB281C8D1C000031E4CD /* LaunchScreen.storyboard */,
			);
			path = MyInstagram;
			sourceTree = "<group>";
		};
		652791BF294696A5101980A8 /* Frameworks */ = {
			isa = PBXGroup;
			children = (
				04A1CB82B15C0C0B87296FA1 /* Pods_MyInstagram.framework */,
			);
			name = Frameworks;
			sourceTree = "<group>";
		};
		D382940F6A2386D4C0448D57 /* Pods */ = {
			isa = PBXGroup;
			children = (
				C85C27ED551145E3457E63FB /* Pods-MyInstagram.debug.xcconfig */,
				FEE02B41284C40B9CBE0CF5D /* Pods-MyInstagram.release.xcconfig */,
			);
			name = Pods;
			sourceTree = "<group>";
		};
/* End PBXGroup section */

/* Begin PBXNativeTarget section */
		574DBB1B1C8D1C000031E4CD /* MyInstagram */ = {
			isa = PBXNativeTarget;
			buildConfigurationList = 574DBB2E1C8D1C000031E4CD /* Build configuration list for PBXNativeTarget "MyInstagram" */;
			buildPhases = (
				4ABC9B524332E47E66BFD449 /* Check Pods Manifest.lock */,
				574DBB181C8D1C000031E4CD /* Sources */,
				574DBB191C8D1C000031E4CD /* Frameworks */,
				574DBB1A1C8D1C000031E4CD /* Resources */,
				303ADC6BB0A49F5DBC9F7AE5 /* Embed Pods Frameworks */,
				A89B1DE925DE4EBA3BF65359 /* Copy Pods Resources */,
			);
			buildRules = (
			);
			dependencies = (
			);
			name = MyInstagram;
			productName = MyInstagram;
			productReference = 574DBB1C1C8D1C000031E4CD /* MyInstagram.app */;
			productType = "com.apple.product-type.application";
		};
/* End PBXNativeTarget section */

/* Begin PBXProject section */
		574DBB141C8D1C000031E4CD /* Project object */ = {
			isa = PBXProject;
			attributes = {
				LastSwiftUpdateCheck = 0720;
				LastUpgradeCheck = 0720;
				ORGANIZATIONNAME = "Victor Li Wang";
				TargetAttributes = {
					574DBB1B1C8D1C000031E4CD = {
						CreatedOnToolsVersion = 7.2;
					};
				};
			};
			buildConfigurationList = 574DBB171C8D1C000031E4CD /* Build configuration list for PBXProject "MyInstagram" */;
			compatibilityVersion = "Xcode 3.2";
			developmentRegion = English;
			hasScannedForEncodings = 0;
			knownRegions = (
				en,
				Base,
			);
			mainGroup = 574DBB131C8D1C000031E4CD;
			productRefGroup = 574DBB1D1C8D1C000031E4CD /* Products */;
			projectDirPath = "";
			projectRoot = "";
			targets = (
				574DBB1B1C8D1C000031E4CD /* MyInstagram */,
			);
		};
/* End PBXProject section */

/* Begin PBXResourcesBuildPhase section */
		574DBB1A1C8D1C000031E4CD /* Resources */ = {
			isa = PBXResourcesBuildPhase;
			buildActionMask = 2147483647;
			files = (
				574DBB501C8D65AD0031E4CD /* profile.png in Resources */,
				574DBB2A1C8D1C000031E4CD /* LaunchScreen.storyboard in Resources */,
				574DBB531C8D65EC0031E4CD /* camera.png in Resources */,
				574DBB541C8D65EC0031E4CD /* photos.png in Resources */,
				574DBB271C8D1C000031E4CD /* Assets.xcassets in Resources */,
				574DBB481C8D24BA0031E4CD /* Base.lproj in Resources */,
				574DBB441C8D249B0031E4CD /* Info.plist in Resources */,
				574DBB251C8D1C000031E4CD /* Main.storyboard in Resources */,
			);
			runOnlyForDeploymentPostprocessing = 0;
		};
/* End PBXResourcesBuildPhase section */

/* Begin PBXShellScriptBuildPhase section */
		303ADC6BB0A49F5DBC9F7AE5 /* Embed Pods Frameworks */ = {
			isa = PBXShellScriptBuildPhase;
			buildActionMask = 2147483647;
			files = (
			);
			inputPaths = (
			);
			name = "Embed Pods Frameworks";
			outputPaths = (
			);
			runOnlyForDeploymentPostprocessing = 0;
			shellPath = /bin/sh;
			shellScript = "\"${SRCROOT}/Pods/Target Support Files/Pods-MyInstagram/Pods-MyInstagram-frameworks.sh\"\n";
			showEnvVarsInLog = 0;
		};
		4ABC9B524332E47E66BFD449 /* Check Pods Manifest.lock */ = {
			isa = PBXShellScriptBuildPhase;
			buildActionMask = 2147483647;
			files = (
			);
			inputPaths = (
			);
			name = "Check Pods Manifest.lock";
			outputPaths = (
			);
			runOnlyForDeploymentPostprocessing = 0;
			shellPath = /bin/sh;
			shellScript = "diff \"${PODS_ROOT}/../Podfile.lock\" \"${PODS_ROOT}/Manifest.lock\" > /dev/null\nif [[ $? != 0 ]] ; then\n    cat << EOM\nerror: The sandbox is not in sync with the Podfile.lock. Run 'pod install' or update your CocoaPods installation.\nEOM\n    exit 1\nfi\n";
			showEnvVarsInLog = 0;
		};
		A89B1DE925DE4EBA3BF65359 /* Copy Pods Resources */ = {
			isa = PBXShellScriptBuildPhase;
			buildActionMask = 2147483647;
			files = (
			);
			inputPaths = (
			);
			name = "Copy Pods Resources";
			outputPaths = (
			);
			runOnlyForDeploymentPostprocessing = 0;
			shellPath = /bin/sh;
			shellScript = "\"${SRCROOT}/Pods/Target Support Files/Pods-MyInstagram/Pods-MyInstagram-resources.sh\"\n";
			showEnvVarsInLog = 0;
		};
/* End PBXShellScriptBuildPhase section */

/* Begin PBXSourcesBuildPhase section */
		574DBB181C8D1C000031E4CD /* Sources */ = {
			isa = PBXSourcesBuildPhase;
			buildActionMask = 2147483647;
			files = (
				574DBB3D1C8D24770031E4CD /* LoginViewController.swift in Sources */,
				574DBB421C8D24770031E4CD /* UserMedia.swift in Sources */,
				574DBB461C8D24A40031E4CD /* AppDelegate.swift in Sources */,
				574DBB3F1C8D24770031E4CD /* MediaCell.swift in Sources */,
				574DBB401C8D24770031E4CD /* PhotosViewController.swift in Sources */,
				574DBB411C8D24770031E4CD /* ProfileViewController.swift in Sources */,
				574DBB3E1C8D24770031E4CD /* Media.swift in Sources */,
				574DBB3B1C8D24770031E4CD /* CaptureViewController.swift in Sources */,
			);
			runOnlyForDeploymentPostprocessing = 0;
		};
/* End PBXSourcesBuildPhase section */

/* Begin PBXVariantGroup section */
		574DBB231C8D1C000031E4CD /* Main.storyboard */ = {
			isa = PBXVariantGroup;
			children = (
				574DBB241C8D1C000031E4CD /* Base */,
			);
			name = Main.storyboard;
			sourceTree = "<group>";
		};
		574DBB281C8D1C000031E4CD /* LaunchScreen.storyboard */ = {
			isa = PBXVariantGroup;
			children = (
				574DBB291C8D1C000031E4CD /* Base */,
			);
			name = LaunchScreen.storyboard;
			sourceTree = "<group>";
		};
/* End PBXVariantGroup section */

/* Begin XCBuildConfiguration section */
		574DBB2C1C8D1C000031E4CD /* Debug */ = {
			isa = XCBuildConfiguration;
			buildSettings = {
				ALWAYS_SEARCH_USER_PATHS = NO;
				CLANG_CXX_LANGUAGE_STANDARD = "gnu++0x";
				CLANG_CXX_LIBRARY = "libc++";
				CLANG_ENABLE_MODULES = YES;
				CLANG_ENABLE_OBJC_ARC = YES;
				CLANG_WARN_BOOL_CONVERSION = YES;
				CLANG_WARN_CONSTANT_CONVERSION = YES;
				CLANG_WARN_DIRECT_OBJC_ISA_USAGE = YES_ERROR;
				CLANG_WARN_EMPTY_BODY = YES;
				CLANG_WARN_ENUM_CONVERSION = YES;
				CLANG_WARN_INT_CONVERSION = YES;
				CLANG_WARN_OBJC_ROOT_CLASS = YES_ERROR;
				CLANG_WARN_UNREACHABLE_CODE = YES;
				CLANG_WARN__DUPLICATE_METHOD_MATCH = YES;
				"CODE_SIGN_IDENTITY[sdk=iphoneos*]" = "iPhone Developer";
				COPY_PHASE_STRIP = NO;
				DEBUG_INFORMATION_FORMAT = dwarf;
				ENABLE_STRICT_OBJC_MSGSEND = YES;
				ENABLE_TESTABILITY = YES;
				GCC_C_LANGUAGE_STANDARD = gnu99;
				GCC_DYNAMIC_NO_PIC = NO;
				GCC_NO_COMMON_BLOCKS = YES;
				GCC_OPTIMIZATION_LEVEL = 0;
				GCC_PREPROCESSOR_DEFINITIONS = (
					"DEBUG=1",
					"$(inherited)",
				);
				GCC_WARN_64_TO_32_BIT_CONVERSION = YES;
				GCC_WARN_ABOUT_RETURN_TYPE = YES_ERROR;
				GCC_WARN_UNDECLARED_SELECTOR = YES;
				GCC_WARN_UNINITIALIZED_AUTOS = YES_AGGRESSIVE;
				GCC_WARN_UNUSED_FUNCTION = YES;
				GCC_WARN_UNUSED_VARIABLE = YES;
				IPHONEOS_DEPLOYMENT_TARGET = 9.2;
				MTL_ENABLE_DEBUG_INFO = YES;
				ONLY_ACTIVE_ARCH = YES;
				SDKROOT = iphoneos;
				SWIFT_OPTIMIZATION_LEVEL = "-Onone";
			};
			name = Debug;
		};
		574DBB2D1C8D1C000031E4CD /* Release */ = {
			isa = XCBuildConfiguration;
			buildSettings = {
				ALWAYS_SEARCH_USER_PATHS = NO;
				CLANG_CXX_LANGUAGE_STANDARD = "gnu++0x";
				CLANG_CXX_LIBRARY = "libc++";
				CLANG_ENABLE_MODULES = YES;
				CLANG_ENABLE_OBJC_ARC = YES;
				CLANG_WARN_BOOL_CONVERSION = YES;
				CLANG_WARN_CONSTANT_CONVERSION = YES;
				CLANG_WARN_DIRECT_OBJC_ISA_USAGE = YES_ERROR;
				CLANG_WARN_EMPTY_BODY = YES;
				CLANG_WARN_ENUM_CONVERSION = YES;
				CLANG_WARN_INT_CONVERSION = YES;
				CLANG_WARN_OBJC_ROOT_CLASS = YES_ERROR;
				CLANG_WARN_UNREACHABLE_CODE = YES;
				CLANG_WARN__DUPLICATE_METHOD_MATCH = YES;
				"CODE_SIGN_IDENTITY[sdk=iphoneos*]" = "iPhone Developer";
				COPY_PHASE_STRIP = NO;
				DEBUG_INFORMATION_FORMAT = "dwarf-with-dsym";
				ENABLE_NS_ASSERTIONS = NO;
				ENABLE_STRICT_OBJC_MSGSEND = YES;
				GCC_C_LANGUAGE_STANDARD = gnu99;
				GCC_NO_COMMON_BLOCKS = YES;
				GCC_WARN_64_TO_32_BIT_CONVERSION = YES;
				GCC_WARN_ABOUT_RETURN_TYPE = YES_ERROR;
				GCC_WARN_UNDECLARED_SELECTOR = YES;
				GCC_WARN_UNINITIALIZED_AUTOS = YES_AGGRESSIVE;
				GCC_WARN_UNUSED_FUNCTION = YES;
				GCC_WARN_UNUSED_VARIABLE = YES;
				IPHONEOS_DEPLOYMENT_TARGET = 9.2;
				MTL_ENABLE_DEBUG_INFO = NO;
				SDKROOT = iphoneos;
				VALIDATE_PRODUCT = YES;
			};
			name = Release;
		};
		574DBB2F1C8D1C000031E4CD /* Debug */ = {
			isa = XCBuildConfiguration;
			baseConfigurationReference = C85C27ED551145E3457E63FB /* Pods-MyInstagram.debug.xcconfig */;
			buildSettings = {
				ASSETCATALOG_COMPILER_APPICON_NAME = AppIcon;
				INFOPLIST_FILE = MyInstagram/Info.plist;
				LD_RUNPATH_SEARCH_PATHS = "$(inherited) @executable_path/Frameworks";
				PRODUCT_BUNDLE_IDENTIFIER = "Victor-Li-Wang.MyInstagram";
				PRODUCT_NAME = "$(TARGET_NAME)";
			};
			name = Debug;
		};
		574DBB301C8D1C000031E4CD /* Release */ = {
			isa = XCBuildConfiguration;
			baseConfigurationReference = FEE02B41284C40B9CBE0CF5D /* Pods-MyInstagram.release.xcconfig */;
			buildSettings = {
				ASSETCATALOG_COMPILER_APPICON_NAME = AppIcon;
				INFOPLIST_FILE = MyInstagram/Info.plist;
				LD_RUNPATH_SEARCH_PATHS = "$(inherited) @executable_path/Frameworks";
				PRODUCT_BUNDLE_IDENTIFIER = "Victor-Li-Wang.MyInstagram";
				PRODUCT_NAME = "$(TARGET_NAME)";
			};
			name = Release;
		};
/* End XCBuildConfiguration section */

/* Begin XCConfigurationList section */
		574DBB171C8D1C000031E4CD /* Build configuration list for PBXProject "MyInstagram" */ = {
			isa = XCConfigurationList;
			buildConfigurations = (
				574DBB2C1C8D1C000031E4CD /* Debug */,
				574DBB2D1C8D1C000031E4CD /* Release */,
			);
			defaultConfigurationIsVisible = 0;
			defaultConfigurationName = Release;
		};
		574DBB2E1C8D1C000031E4CD /* Build configuration list for PBXNativeTarget "MyInstagram" */ = {
			isa = XCConfigurationList;
			buildConfigurations = (
				574DBB2F1C8D1C000031E4CD /* Debug */,
				574DBB301C8D1C000031E4CD /* Release */,
			);
			defaultConfigurationIsVisible = 0;
			defaultConfigurationName = Release;
		};
/* End XCConfigurationList section */
	};
	rootObject = 574DBB141C8D1C000031E4CD /* Project object */;
}
